
Microsoft Visual Studio Solution File, Format Version 12.00
# Visual Studio Version 16
VisualStudioVersion = 16.0.30804.86
MinimumVisualStudioVersion = 10.0.40219.1
Project("{9A19103F-16F7-4668-BE54-9A1E7A4F7556}") = "DigitalClinic.Shared", "DigitalClinic.Shared\DigitalClinic.Shared.csproj", "{E6BEFE85-B4E7-4DB0-9788-C8DBE778DBE4}"
EndProject
Project("{FAE04EC0-301F-11D3-BF4B-00C04F79EFBC}") = "DigitalClinic.Client", "DigitalClinic.Client\DigitalClinic.Client.csproj", "{8982DA3A-3379-4004-9F0C-3E1DDA8C8EBD}"
EndProject
Project("{FAE04EC0-301F-11D3-BF4B-00C04F79EFBC}") = "DigitalClinic.Server", "DigitalClinic.Server\DigitalClinic.Server.csproj", "{CCBF974E-D92B-4CF0-BE5F-72C64CBA4818}"
	ProjectSection(ProjectDependencies) = postProject
		{E6BEFE85-B4E7-4DB0-9788-C8DBE778DBE4} = {E6BEFE85-B4E7-4DB0-9788-C8DBE778DBE4}
	EndProjectSection
EndProject
Global
	GlobalSection(SolutionConfigurationPlatforms) = preSolution
		Debug|Any CPU = Debug|Any CPU
		Release|Any CPU = Release|Any CPU
	EndGlobalSection
	GlobalSection(ProjectConfigurationPlatforms) = postSolution
		{E6BEFE85-B4E7-4DB0-9788-C8DBE778DBE4}.Debug|Any CPU.ActiveCfg = Debug|Any CPU
		{E6BEFE85-B4E7-4DB0-9788-C8DBE778DBE4}.Debug|Any CPU.Build.0 = Debug|Any CPU
		{E6BEFE85-B4E7-4DB0-9788-C8DBE778DBE4}.Release|Any CPU.ActiveCfg = Release|Any CPU
		{E6BEFE85-B4E7-4DB0-9788-C8DBE778DBE4}.Release|Any CPU.Build.0 = Release|Any CPU
		{8982DA3A-3379-4004-9F0C-3E1DDA8C8EBD}.Debug|Any CPU.ActiveCfg = Debug|Any CPU
		{8982DA3A-3379-4004-9F0C-3E1DDA8C8EBD}.Debug|Any CPU.Build.0 = Debug|Any CPU
		{8982DA3A-3379-4004-9F0C-3E1DDA8C8EBD}.Release|Any CPU.ActiveCfg = Release|Any CPU
		{8982DA3A-3379-4004-9F0C-3E1DDA8C8EBD}.Release|Any CPU.Build.0 = Release|Any CPU
		{CCBF974E-D92B-4CF0-BE5F-72C64CBA4818}.Debug|Any CPU.ActiveCfg = Debug|Any CPU
		{CCBF974E-D92B-4CF0-BE5F-72C64CBA4818}.Debug|Any CPU.Build.0 = Debug|Any CPU
		{CCBF974E-D92B-4CF0-BE5F-72C64CBA4818}.Release|Any CPU.ActiveCfg = Release|Any CPU
		{CCBF974E-D92B-4CF0-BE5F-72C64CBA4818}.Release|Any CPU.Build.0 = Release|Any CPU
	EndGlobalSection
	GlobalSection(SolutionProperties) = preSolution
		HideSolutionNode = FALSE
	EndGlobalSection
	GlobalSection(ExtensibilityGlobals) = postSolution
		SolutionGuid = {191AC17E-3C8E-4BEE-ACF9-5E91FF61D3E8}
	EndGlobalSection
EndGlobal
